// !$*UTF8*$!
{
	archiveVersion = 1;
	classes = {
	};
	objectVersion = 50;
	objects = {

/* Begin PBXBuildFile section */
		18CCA1EA20905EA700300966 /* AppDelegate.m in Sources */ = {isa = PBXBuildFile; fileRef = 18CCA1E920905EA700300966 /* AppDelegate.m */; };
		18CCA1ED20905EA700300966 /* ViewController.m in Sources */ = {isa = PBXBuildFile; fileRef = 18CCA1EC20905EA700300966 /* ViewController.m */; };
		18CCA1F020905EA700300966 /* Main.storyboard in Resources */ = {isa = PBXBuildFile; fileRef = 18CCA1EE20905EA700300966 /* Main.storyboard */; };
		18CCA1F220905EA800300966 /* Assets.xcassets in Resources */ = {isa = PBXBuildFile; fileRef = 18CCA1F120905EA800300966 /* Assets.xcassets */; };
		18CCA1F520905EA800300966 /* LaunchScreen.storyboard in Resources */ = {isa = PBXBuildFile; fileRef = 18CCA1F320905EA800300966 /* LaunchScreen.storyboard */; };
		18CCA1F820905EA800300966 /* main.m in Sources */ = {isa = PBXBuildFile; fileRef = 18CCA1F720905EA800300966 /* main.m */; };
		18E35316209303A00067C967 /* YFDevice.m in Sources */ = {isa = PBXBuildFile; fileRef = 18E352EE2093039F0067C967 /* YFDevice.m */; };
		18E35317209303A00067C967 /* YFLocationConverter.m in Sources */ = {isa = PBXBuildFile; fileRef = 18E352F02093039F0067C967 /* YFLocationConverter.m */; };
		18E35318209303A00067C967 /* YFGlobalTool.m in Sources */ = {isa = PBXBuildFile; fileRef = 18E352F22093039F0067C967 /* YFGlobalTool.m */; };
		18E35319209303A00067C967 /* NSMutableArray+Safe.m in Sources */ = {isa = PBXBuildFile; fileRef = 18E352F52093039F0067C967 /* NSMutableArray+Safe.m */; };
		18E3531A209303A00067C967 /* NSMutableDictionary+Safe.m in Sources */ = {isa = PBXBuildFile; fileRef = 18E352F82093039F0067C967 /* NSMutableDictionary+Safe.m */; };
		18E3531B209303A00067C967 /* NSMutableString+Safe.m in Sources */ = {isa = PBXBuildFile; fileRef = 18E352FD2093039F0067C967 /* NSMutableString+Safe.m */; };
		18E3531C209303A00067C967 /* NSDictionary+Safe.m in Sources */ = {isa = PBXBuildFile; fileRef = 18E352FF2093039F0067C967 /* NSDictionary+Safe.m */; };
		18E3531D209303A00067C967 /* NSObject+Swizzling.m in Sources */ = {isa = PBXBuildFile; fileRef = 18E353002093039F0067C967 /* NSObject+Swizzling.m */; };
		18E3531E209303A00067C967 /* NSArray+Safe.m in Sources */ = {isa = PBXBuildFile; fileRef = 18E353012093039F0067C967 /* NSArray+Safe.m */; };
		18E3531F209303A00067C967 /* NSObject+ImpChangeTool.m in Sources */ = {isa = PBXBuildFile; fileRef = 18E353022093039F0067C967 /* NSObject+ImpChangeTool.m */; };
		18E35321209303A00067C967 /* UIColor+Extension_YF.m in Sources */ = {isa = PBXBuildFile; fileRef = 18E3530A2093039F0067C967 /* UIColor+Extension_YF.m */; };
		18E35322209303A00067C967 /* NSString+Extension_YF.m in Sources */ = {isa = PBXBuildFile; fileRef = 18E3530B2093039F0067C967 /* NSString+Extension_YF.m */; };
		18E35323209303A00067C967 /* UIButton+Extension_YF.m in Sources */ = {isa = PBXBuildFile; fileRef = 18E3530C2093039F0067C967 /* UIButton+Extension_YF.m */; };
		18E35324209303A00067C967 /* UITextField+Extension_YF.m in Sources */ = {isa = PBXBuildFile; fileRef = 18E3530E2093039F0067C967 /* UITextField+Extension_YF.m */; };
		18E35325209303A00067C967 /* UIImage+Extension_YF.m in Sources */ = {isa = PBXBuildFile; fileRef = 18E353132093039F0067C967 /* UIImage+Extension_YF.m */; };
		18E35326209303A00067C967 /* YFAppVersionUpdate.m in Sources */ = {isa = PBXBuildFile; fileRef = 18E353142093039F0067C967 /* YFAppVersionUpdate.m */; };
		18E3532A20930CE30067C967 /* YFSaveTool.m in Sources */ = {isa = PBXBuildFile; fileRef = 18E3532920930CE20067C967 /* YFSaveTool.m */; };
		18E3532D20930D180067C967 /* YFArcherCoder.m in Sources */ = {isa = PBXBuildFile; fileRef = 18E3532C20930D180067C967 /* YFArcherCoder.m */; };
		18E3533020930D330067C967 /* YFArcherModel.m in Sources */ = {isa = PBXBuildFile; fileRef = 18E3532F20930D330067C967 /* YFArcherModel.m */; };
		18E3537620931F6B0067C967 /* NSObject+Extension_YF.m in Sources */ = {isa = PBXBuildFile; fileRef = 18E3537520931F6B0067C967 /* NSObject+Extension_YF.m */; };
		18E353862093FB600067C967 /* YFToolsDemoTests.m in Sources */ = {isa = PBXBuildFile; fileRef = 18E353852093FB600067C967 /* YFToolsDemoTests.m */; };
		18E353AC209404E10067C967 /* NSObject+Archiver.m in Sources */ = {isa = PBXBuildFile; fileRef = 18E353A8209404E10067C967 /* NSObject+Archiver.m */; };
		18E353AD209404E10067C967 /* YFArchiverManager.m in Sources */ = {isa = PBXBuildFile; fileRef = 18E353AB209404E10067C967 /* YFArchiverManager.m */; };
		18E353B02094056E0067C967 /* YFPerson.m in Sources */ = {isa = PBXBuildFile; fileRef = 18E3539F2094012D0067C967 /* YFPerson.m */; };
		18E353B620956CA80067C967 /* YFStudent.m in Sources */ = {isa = PBXBuildFile; fileRef = 18E353B520956CA80067C967 /* YFStudent.m */; };
		18EAC00E20994EA800911274 /* YFLocation.m in Sources */ = {isa = PBXBuildFile; fileRef = 18EAC00820994EA800911274 /* YFLocation.m */; };
		18EAC00F20994EA800911274 /* YFArchiverTests.m in Sources */ = {isa = PBXBuildFile; fileRef = 18EAC00920994EA800911274 /* YFArchiverTests.m */; };
		18EAC01020994EA800911274 /* YFPersonTest.m in Sources */ = {isa = PBXBuildFile; fileRef = 18EAC00A20994EA800911274 /* YFPersonTest.m */; };
		18EAC01120994EA800911274 /* YFFood.m in Sources */ = {isa = PBXBuildFile; fileRef = 18EAC00B20994EA800911274 /* YFFood.m */; };
		18EAC01320994EC300911274 /* NSStringTest.m in Sources */ = {isa = PBXBuildFile; fileRef = 18EAC01220994EC300911274 /* NSStringTest.m */; };
		18EAC07C209962EE00911274 /* Model.xcdatamodeld in Sources */ = {isa = PBXBuildFile; fileRef = 18EAC07A209962EE00911274 /* Model.xcdatamodeld */; };
		18EAC12A209C324000911274 /* back_item@3x.png in Resources */ = {isa = PBXBuildFile; fileRef = 18EAC125209C324000911274 /* back_item@3x.png */; };
		18EAC12B209C324000911274 /* back_item@2x.png in Resources */ = {isa = PBXBuildFile; fileRef = 18EAC126209C324000911274 /* back_item@2x.png */; };
		18EAC12C209C324000911274 /* FOXNavigationViewController.m in Sources */ = {isa = PBXBuildFile; fileRef = 18EAC127209C324000911274 /* FOXNavigationViewController.m */; };
		18EAC12D209C324000911274 /* UIViewController+FOXNavigationBar.m in Sources */ = {isa = PBXBuildFile; fileRef = 18EAC128209C324000911274 /* UIViewController+FOXNavigationBar.m */; };
		18EAC12E209C324000911274 /* FOXNavigationBar.m in Sources */ = {isa = PBXBuildFile; fileRef = 18EAC129209C324000911274 /* FOXNavigationBar.m */; };
		18EAC13C209C327100911274 /* FOXThirdViewController.m in Sources */ = {isa = PBXBuildFile; fileRef = 18EAC131209C327100911274 /* FOXThirdViewController.m */; };
		18EAC13D209C327100911274 /* FOXFistViewController.m in Sources */ = {isa = PBXBuildFile; fileRef = 18EAC134209C327100911274 /* FOXFistViewController.m */; };
		18EAC13E209C327100911274 /* FOXMainViewController.m in Sources */ = {isa = PBXBuildFile; fileRef = 18EAC136209C327100911274 /* FOXMainViewController.m */; };
		18EAC13F209C327100911274 /* FOXFourthViewController.m in Sources */ = {isa = PBXBuildFile; fileRef = 18EAC138209C327100911274 /* FOXFourthViewController.m */; };
		18EAC140209C327100911274 /* FOXFiveViewController.m in Sources */ = {isa = PBXBuildFile; fileRef = 18EAC139209C327100911274 /* FOXFiveViewController.m */; };
		18EAC141209C327100911274 /* FOXSecondViewController.m in Sources */ = {isa = PBXBuildFile; fileRef = 18EAC13B209C327100911274 /* FOXSecondViewController.m */; };
/* End PBXBuildFile section */

/* Begin PBXContainerItemProxy section */
		18E353882093FB600067C967 /* PBXContainerItemProxy */ = {
			isa = PBXContainerItemProxy;
			containerPortal = 18CCA1DD20905EA700300966 /* Project object */;
			proxyType = 1;
			remoteGlobalIDString = 18CCA1E420905EA700300966;
			remoteInfo = YFToolsDemo;
		};
/* End PBXContainerItemProxy section */

/* Begin PBXFileReference section */
		18CCA1E520905EA700300966 /* YFToolsDemo.app */ = {isa = PBXFileReference; explicitFileType = wrapper.application; includeInIndex = 0; path = YFToolsDemo.app; sourceTree = BUILT_PRODUCTS_DIR; };
		18CCA1E820905EA700300966 /* AppDelegate.h */ = {isa = PBXFileReference; lastKnownFileType = sourcecode.c.h; path = AppDelegate.h; sourceTree = "<group>"; };
		18CCA1E920905EA700300966 /* AppDelegate.m */ = {isa = PBXFileReference; lastKnownFileType = sourcecode.c.objc; path = AppDelegate.m; sourceTree = "<group>"; };
		18CCA1EB20905EA700300966 /* ViewController.h */ = {isa = PBXFileReference; lastKnownFileType = sourcecode.c.h; path = ViewController.h; sourceTree = "<group>"; };
		18CCA1EC20905EA700300966 /* ViewController.m */ = {isa = PBXFileReference; lastKnownFileType = sourcecode.c.objc; path = ViewController.m; sourceTree = "<group>"; };
		18CCA1EF20905EA700300966 /* Base */ = {isa = PBXFileReference; lastKnownFileType = file.storyboard; name = Base; path = Base.lproj/Main.storyboard; sourceTree = "<group>"; };
		18CCA1F120905EA800300966 /* Assets.xcassets */ = {isa = PBXFileReference; lastKnownFileType = folder.assetcatalog; path = Assets.xcassets; sourceTree = "<group>"; };
		18CCA1F420905EA800300966 /* Base */ = {isa = PBXFileReference; lastKnownFileType = file.storyboard; name = Base; path = Base.lproj/LaunchScreen.storyboard; sourceTree = "<group>"; };
		18CCA1F620905EA800300966 /* Info.plist */ = {isa = PBXFileReference; lastKnownFileType = text.plist.xml; path = Info.plist; sourceTree = "<group>"; };
		18CCA1F720905EA800300966 /* main.m */ = {isa = PBXFileReference; lastKnownFileType = sourcecode.c.objc; path = main.m; sourceTree = "<group>"; };
		18E352EE2093039F0067C967 /* YFDevice.m */ = {isa = PBXFileReference; fileEncoding = 4; lastKnownFileType = sourcecode.c.objc; path = YFDevice.m; sourceTree = "<group>"; };
		18E352F02093039F0067C967 /* YFLocationConverter.m */ = {isa = PBXFileReference; fileEncoding = 4; lastKnownFileType = sourcecode.c.objc; path = YFLocationConverter.m; sourceTree = "<group>"; };
		18E352F12093039F0067C967 /* YFLocationConverter.h */ = {isa = PBXFileReference; fileEncoding = 4; lastKnownFileType = sourcecode.c.h; path = YFLocationConverter.h; sourceTree = "<group>"; };
		18E352F22093039F0067C967 /* YFGlobalTool.m */ = {isa = PBXFileReference; fileEncoding = 4; lastKnownFileType = sourcecode.c.objc; path = YFGlobalTool.m; sourceTree = "<group>"; };
		18E352F42093039F0067C967 /* NSMutableString+Safe.h */ = {isa = PBXFileReference; fileEncoding = 4; lastKnownFileType = sourcecode.c.h; path = "NSMutableString+Safe.h"; sourceTree = "<group>"; };
		18E352F52093039F0067C967 /* NSMutableArray+Safe.m */ = {isa = PBXFileReference; fileEncoding = 4; lastKnownFileType = sourcecode.c.objc; path = "NSMutableArray+Safe.m"; sourceTree = "<group>"; };
		18E352F62093039F0067C967 /* NSDictionary+Safe.h */ = {isa = PBXFileReference; fileEncoding = 4; lastKnownFileType = sourcecode.c.h; path = "NSDictionary+Safe.h"; sourceTree = "<group>"; };
		18E352F72093039F0067C967 /* SafeObject.h */ = {isa = PBXFileReference; fileEncoding = 4; lastKnownFileType = sourcecode.c.h; path = SafeObject.h; sourceTree = "<group>"; };
		18E352F82093039F0067C967 /* NSMutableDictionary+Safe.m */ = {isa = PBXFileReference; fileEncoding = 4; lastKnownFileType = sourcecode.c.objc; path = "NSMutableDictionary+Safe.m"; sourceTree = "<group>"; };
		18E352F92093039F0067C967 /* NSObject+ImpChangeTool.h */ = {isa = PBXFileReference; fileEncoding = 4; lastKnownFileType = sourcecode.c.h; path = "NSObject+ImpChangeTool.h"; sourceTree = "<group>"; };
		18E352FA2093039F0067C967 /* NSArray+Safe.h */ = {isa = PBXFileReference; fileEncoding = 4; lastKnownFileType = sourcecode.c.h; path = "NSArray+Safe.h"; sourceTree = "<group>"; };
		18E352FB2093039F0067C967 /* NSObject+Swizzling.h */ = {isa = PBXFileReference; fileEncoding = 4; lastKnownFileType = sourcecode.c.h; path = "NSObject+Swizzling.h"; sourceTree = "<group>"; };
		18E352FC2093039F0067C967 /* NSMutableArray+Safe.h */ = {isa = PBXFileReference; fileEncoding = 4; lastKnownFileType = sourcecode.c.h; path = "NSMutableArray+Safe.h"; sourceTree = "<group>"; };
		18E352FD2093039F0067C967 /* NSMutableString+Safe.m */ = {isa = PBXFileReference; fileEncoding = 4; lastKnownFileType = sourcecode.c.objc; path = "NSMutableString+Safe.m"; sourceTree = "<group>"; };
		18E352FE2093039F0067C967 /* NSMutableDictionary+Safe.h */ = {isa = PBXFileReference; fileEncoding = 4; lastKnownFileType = sourcecode.c.h; path = "NSMutableDictionary+Safe.h"; sourceTree = "<group>"; };
		18E352FF2093039F0067C967 /* NSDictionary+Safe.m */ = {isa = PBXFileReference; fileEncoding = 4; lastKnownFileType = sourcecode.c.objc; path = "NSDictionary+Safe.m"; sourceTree = "<group>"; };
		18E353002093039F0067C967 /* NSObject+Swizzling.m */ = {isa = PBXFileReference; fileEncoding = 4; lastKnownFileType = sourcecode.c.objc; path = "NSObject+Swizzling.m"; sourceTree = "<group>"; };
		18E353012093039F0067C967 /* NSArray+Safe.m */ = {isa = PBXFileReference; fileEncoding = 4; lastKnownFileType = sourcecode.c.objc; path = "NSArray+Safe.m"; sourceTree = "<group>"; };
		18E353022093039F0067C967 /* NSObject+ImpChangeTool.m */ = {isa = PBXFileReference; fileEncoding = 4; lastKnownFileType = sourcecode.c.objc; path = "NSObject+ImpChangeTool.m"; sourceTree = "<group>"; };
		18E353032093039F0067C967 /* YFGlobalTool.h */ = {isa = PBXFileReference; fileEncoding = 4; lastKnownFileType = sourcecode.c.h; path = YFGlobalTool.h; sourceTree = "<group>"; };
		18E353042093039F0067C967 /* YFDevice.h */ = {isa = PBXFileReference; fileEncoding = 4; lastKnownFileType = sourcecode.c.h; path = YFDevice.h; sourceTree = "<group>"; };
		18E353052093039F0067C967 /* YFCommonTools.h */ = {isa = PBXFileReference; fileEncoding = 4; lastKnownFileType = sourcecode.c.h; path = YFCommonTools.h; sourceTree = "<group>"; };
		18E353072093039F0067C967 /* YFGlobalMacro.h */ = {isa = PBXFileReference; fileEncoding = 4; lastKnownFileType = sourcecode.c.h; path = YFGlobalMacro.h; sourceTree = "<group>"; };
		18E3530A2093039F0067C967 /* UIColor+Extension_YF.m */ = {isa = PBXFileReference; fileEncoding = 4; lastKnownFileType = sourcecode.c.objc; path = "UIColor+Extension_YF.m"; sourceTree = "<group>"; };
		18E3530B2093039F0067C967 /* NSString+Extension_YF.m */ = {isa = PBXFileReference; fileEncoding = 4; lastKnownFileType = sourcecode.c.objc; path = "NSString+Extension_YF.m"; sourceTree = "<group>"; };
		18E3530C2093039F0067C967 /* UIButton+Extension_YF.m */ = {isa = PBXFileReference; fileEncoding = 4; lastKnownFileType = sourcecode.c.objc; path = "UIButton+Extension_YF.m"; sourceTree = "<group>"; };
		18E3530D2093039F0067C967 /* UIImage+Extension_YF.h */ = {isa = PBXFileReference; fileEncoding = 4; lastKnownFileType = sourcecode.c.h; path = "UIImage+Extension_YF.h"; sourceTree = "<group>"; };
		18E3530E2093039F0067C967 /* UITextField+Extension_YF.m */ = {isa = PBXFileReference; fileEncoding = 4; lastKnownFileType = sourcecode.c.objc; path = "UITextField+Extension_YF.m"; sourceTree = "<group>"; };
		18E3530F2093039F0067C967 /* UIColor+Extension_YF.h */ = {isa = PBXFileReference; fileEncoding = 4; lastKnownFileType = sourcecode.c.h; path = "UIColor+Extension_YF.h"; sourceTree = "<group>"; };
		18E353102093039F0067C967 /* UIButton+Extension_YF.h */ = {isa = PBXFileReference; fileEncoding = 4; lastKnownFileType = sourcecode.c.h; path = "UIButton+Extension_YF.h"; sourceTree = "<group>"; };
		18E353112093039F0067C967 /* NSString+Extension_YF.h */ = {isa = PBXFileReference; fileEncoding = 4; lastKnownFileType = sourcecode.c.h; path = "NSString+Extension_YF.h"; sourceTree = "<group>"; };
		18E353122093039F0067C967 /* UITextField+Extension_YF.h */ = {isa = PBXFileReference; fileEncoding = 4; lastKnownFileType = sourcecode.c.h; path = "UITextField+Extension_YF.h"; sourceTree = "<group>"; };
		18E353132093039F0067C967 /* UIImage+Extension_YF.m */ = {isa = PBXFileReference; fileEncoding = 4; lastKnownFileType = sourcecode.c.objc; path = "UIImage+Extension_YF.m"; sourceTree = "<group>"; };
		18E353142093039F0067C967 /* YFAppVersionUpdate.m */ = {isa = PBXFileReference; fileEncoding = 4; lastKnownFileType = sourcecode.c.objc; path = YFAppVersionUpdate.m; sourceTree = "<group>"; };
		18E35315209303A00067C967 /* YFAppVersionUpdate.h */ = {isa = PBXFileReference; fileEncoding = 4; lastKnownFileType = sourcecode.c.h; path = YFAppVersionUpdate.h; sourceTree = "<group>"; };
		18E3532820930CE20067C967 /* YFSaveTool.h */ = {isa = PBXFileReference; fileEncoding = 4; lastKnownFileType = sourcecode.c.h; path = YFSaveTool.h; sourceTree = "<group>"; };
		18E3532920930CE20067C967 /* YFSaveTool.m */ = {isa = PBXFileReference; fileEncoding = 4; lastKnownFileType = sourcecode.c.objc; path = YFSaveTool.m; sourceTree = "<group>"; };
		18E3532B20930D180067C967 /* YFArcherCoder.h */ = {isa = PBXFileReference; lastKnownFileType = sourcecode.c.h; path = YFArcherCoder.h; sourceTree = "<group>"; };
		18E3532C20930D180067C967 /* YFArcherCoder.m */ = {isa = PBXFileReference; lastKnownFileType = sourcecode.c.objc; path = YFArcherCoder.m; sourceTree = "<group>"; };
		18E3532E20930D330067C967 /* YFArcherModel.h */ = {isa = PBXFileReference; lastKnownFileType = sourcecode.c.h; path = YFArcherModel.h; sourceTree = "<group>"; };
		18E3532F20930D330067C967 /* YFArcherModel.m */ = {isa = PBXFileReference; lastKnownFileType = sourcecode.c.objc; path = YFArcherModel.m; sourceTree = "<group>"; };
		18E3537420931F6B0067C967 /* NSObject+Extension_YF.h */ = {isa = PBXFileReference; lastKnownFileType = sourcecode.c.h; path = "NSObject+Extension_YF.h"; sourceTree = "<group>"; };
		18E3537520931F6B0067C967 /* NSObject+Extension_YF.m */ = {isa = PBXFileReference; lastKnownFileType = sourcecode.c.objc; path = "NSObject+Extension_YF.m"; sourceTree = "<group>"; };
		18E353832093FB600067C967 /* YFToolsDemoTests.xctest */ = {isa = PBXFileReference; explicitFileType = wrapper.cfbundle; includeInIndex = 0; path = YFToolsDemoTests.xctest; sourceTree = BUILT_PRODUCTS_DIR; };
		18E353852093FB600067C967 /* YFToolsDemoTests.m */ = {isa = PBXFileReference; lastKnownFileType = sourcecode.c.objc; path = YFToolsDemoTests.m; sourceTree = "<group>"; };
		18E353872093FB600067C967 /* Info.plist */ = {isa = PBXFileReference; lastKnownFileType = text.plist.xml; path = Info.plist; sourceTree = "<group>"; };
		18E3539E2094012D0067C967 /* YFPerson.h */ = {isa = PBXFileReference; lastKnownFileType = sourcecode.c.h; path = YFPerson.h; sourceTree = "<group>"; };
		18E3539F2094012D0067C967 /* YFPerson.m */ = {isa = PBXFileReference; lastKnownFileType = sourcecode.c.objc; path = YFPerson.m; sourceTree = "<group>"; };
		18E353A8209404E10067C967 /* NSObject+Archiver.m */ = {isa = PBXFileReference; fileEncoding = 4; lastKnownFileType = sourcecode.c.objc; path = "NSObject+Archiver.m"; sourceTree = "<group>"; };
		18E353A9209404E10067C967 /* YFArchiverManager.h */ = {isa = PBXFileReference; fileEncoding = 4; lastKnownFileType = sourcecode.c.h; path = YFArchiverManager.h; sourceTree = "<group>"; };
		18E353AA209404E10067C967 /* NSObject+Archiver.h */ = {isa = PBXFileReference; fileEncoding = 4; lastKnownFileType = sourcecode.c.h; path = "NSObject+Archiver.h"; sourceTree = "<group>"; };
		18E353AB209404E10067C967 /* YFArchiverManager.m */ = {isa = PBXFileReference; fileEncoding = 4; lastKnownFileType = sourcecode.c.objc; path = YFArchiverManager.m; sourceTree = "<group>"; };
		18E353B420956CA80067C967 /* YFStudent.h */ = {isa = PBXFileReference; lastKnownFileType = sourcecode.c.h; path = YFStudent.h; sourceTree = "<group>"; };
		18E353B520956CA80067C967 /* YFStudent.m */ = {isa = PBXFileReference; lastKnownFileType = sourcecode.c.objc; path = YFStudent.m; sourceTree = "<group>"; };
		18E353BA2095A0A60067C967 /* YFToolsDemo-Bridging-Header.h */ = {isa = PBXFileReference; lastKnownFileType = sourcecode.c.h; path = "YFToolsDemo-Bridging-Header.h"; sourceTree = "<group>"; };
		18EAC00620994EA800911274 /* YFPersonTest.h */ = {isa = PBXFileReference; fileEncoding = 4; lastKnownFileType = sourcecode.c.h; path = YFPersonTest.h; sourceTree = "<group>"; };
		18EAC00720994EA800911274 /* YFFood.h */ = {isa = PBXFileReference; fileEncoding = 4; lastKnownFileType = sourcecode.c.h; path = YFFood.h; sourceTree = "<group>"; };
		18EAC00820994EA800911274 /* YFLocation.m */ = {isa = PBXFileReference; fileEncoding = 4; lastKnownFileType = sourcecode.c.objc; path = YFLocation.m; sourceTree = "<group>"; };
		18EAC00920994EA800911274 /* YFArchiverTests.m */ = {isa = PBXFileReference; fileEncoding = 4; lastKnownFileType = sourcecode.c.objc; path = YFArchiverTests.m; sourceTree = "<group>"; };
		18EAC00A20994EA800911274 /* YFPersonTest.m */ = {isa = PBXFileReference; fileEncoding = 4; lastKnownFileType = sourcecode.c.objc; path = YFPersonTest.m; sourceTree = "<group>"; };
		18EAC00B20994EA800911274 /* YFFood.m */ = {isa = PBXFileReference; fileEncoding = 4; lastKnownFileType = sourcecode.c.objc; path = YFFood.m; sourceTree = "<group>"; };
		18EAC00C20994EA800911274 /* YFLocation.h */ = {isa = PBXFileReference; fileEncoding = 4; lastKnownFileType = sourcecode.c.h; path = YFLocation.h; sourceTree = "<group>"; };
		18EAC01220994EC300911274 /* NSStringTest.m */ = {isa = PBXFileReference; lastKnownFileType = sourcecode.c.objc; path = NSStringTest.m; sourceTree = "<group>"; };
		18EAC07B209962EE00911274 /* Model.xcdatamodel */ = {isa = PBXFileReference; lastKnownFileType = wrapper.xcdatamodel; path = Model.xcdatamodel; sourceTree = "<group>"; };
		18EAC121209C324000911274 /* FOXNavigationViewController.h */ = {isa = PBXFileReference; fileEncoding = 4; lastKnownFileType = sourcecode.c.h; path = FOXNavigationViewController.h; sourceTree = "<group>"; };
		18EAC122209C324000911274 /* UIViewController+FOXNavigationBar.h */ = {isa = PBXFileReference; fileEncoding = 4; lastKnownFileType = sourcecode.c.h; path = "UIViewController+FOXNavigationBar.h"; sourceTree = "<group>"; };
		18EAC123209C324000911274 /* FOXNavigationBar.h */ = {isa = PBXFileReference; fileEncoding = 4; lastKnownFileType = sourcecode.c.h; path = FOXNavigationBar.h; sourceTree = "<group>"; };
		18EAC125209C324000911274 /* back_item@3x.png */ = {isa = PBXFileReference; lastKnownFileType = image.png; path = "back_item@3x.png"; sourceTree = "<group>"; };
		18EAC126209C324000911274 /* back_item@2x.png */ = {isa = PBXFileReference; lastKnownFileType = image.png; path = "back_item@2x.png"; sourceTree = "<group>"; };
		18EAC127209C324000911274 /* FOXNavigationViewController.m */ = {isa = PBXFileReference; fileEncoding = 4; lastKnownFileType = sourcecode.c.objc; path = FOXNavigationViewController.m; sourceTree = "<group>"; };
		18EAC128209C324000911274 /* UIViewController+FOXNavigationBar.m */ = {isa = PBXFileReference; fileEncoding = 4; lastKnownFileType = sourcecode.c.objc; path = "UIViewController+FOXNavigationBar.m"; sourceTree = "<group>"; };
		18EAC129209C324000911274 /* FOXNavigationBar.m */ = {isa = PBXFileReference; fileEncoding = 4; lastKnownFileType = sourcecode.c.objc; path = FOXNavigationBar.m; sourceTree = "<group>"; };
		18EAC130209C327100911274 /* FOXFourthViewController.h */ = {isa = PBXFileReference; fileEncoding = 4; lastKnownFileType = sourcecode.c.h; path = FOXFourthViewController.h; sourceTree = "<group>"; };
		18EAC131209C327100911274 /* FOXThirdViewController.m */ = {isa = PBXFileReference; fileEncoding = 4; lastKnownFileType = sourcecode.c.objc; path = FOXThirdViewController.m; sourceTree = "<group>"; };
		18EAC132209C327100911274 /* FOXMainViewController.h */ = {isa = PBXFileReference; fileEncoding = 4; lastKnownFileType = sourcecode.c.h; path = FOXMainViewController.h; sourceTree = "<group>"; };
		18EAC133209C327100911274 /* FOXFiveViewController.h */ = {isa = PBXFileReference; fileEncoding = 4; lastKnownFileType = sourcecode.c.h; path = FOXFiveViewController.h; sourceTree = "<group>"; };
		18EAC134209C327100911274 /* FOXFistViewController.m */ = {isa = PBXFileReference; fileEncoding = 4; lastKnownFileType = sourcecode.c.objc; path = FOXFistViewController.m; sourceTree = "<group>"; };
		18EAC135209C327100911274 /* FOXSecondViewController.h */ = {isa = PBXFileReference; fileEncoding = 4; lastKnownFileType = sourcecode.c.h; path = FOXSecondViewController.h; sourceTree = "<group>"; };
		18EAC136209C327100911274 /* FOXMainViewController.m */ = {isa = PBXFileReference; fileEncoding = 4; lastKnownFileType = sourcecode.c.objc; path = FOXMainViewController.m; sourceTree = "<group>"; };
		18EAC137209C327100911274 /* FOXThirdViewController.h */ = {isa = PBXFileReference; fileEncoding = 4; lastKnownFileType = sourcecode.c.h; path = FOXThirdViewController.h; sourceTree = "<group>"; };
		18EAC138209C327100911274 /* FOXFourthViewController.m */ = {isa = PBXFileReference; fileEncoding = 4; lastKnownFileType = sourcecode.c.objc; path = FOXFourthViewController.m; sourceTree = "<group>"; };
		18EAC139209C327100911274 /* FOXFiveViewController.m */ = {isa = PBXFileReference; fileEncoding = 4; lastKnownFileType = sourcecode.c.objc; path = FOXFiveViewController.m; sourceTree = "<group>"; };
		18EAC13A209C327100911274 /* FOXFistViewController.h */ = {isa = PBXFileReference; fileEncoding = 4; lastKnownFileType = sourcecode.c.h; path = FOXFistViewController.h; sourceTree = "<group>"; };
		18EAC13B209C327100911274 /* FOXSecondViewController.m */ = {isa = PBXFileReference; fileEncoding = 4; lastKnownFileType = sourcecode.c.objc; path = FOXSecondViewController.m; sourceTree = "<group>"; };
/* End PBXFileReference section */

/* Begin PBXFrameworksBuildPhase section */
		18CCA1E220905EA700300966 /* Frameworks */ = {
			isa = PBXFrameworksBuildPhase;
			buildActionMask = 2147483647;
			files = (
			);
			runOnlyForDeploymentPostprocessing = 0;
		};
		18E353802093FB600067C967 /* Frameworks */ = {
			isa = PBXFrameworksBuildPhase;
			buildActionMask = 2147483647;
			files = (
			);
			runOnlyForDeploymentPostprocessing = 0;
		};
/* End PBXFrameworksBuildPhase section */

/* Begin PBXGroup section */
		18CCA1DC20905EA700300966 = {
			isa = PBXGroup;
			children = (
				18E352B4209303400067C967 /* YFCommonTools */,
				18CCA1E720905EA700300966 /* YFToolsDemo */,
				18E353842093FB600067C967 /* YFToolsDemoTests */,
				18CCA1E620905EA700300966 /* Products */,
				18E353BA2095A0A60067C967 /* YFToolsDemo-Bridging-Header.h */,
			);
			sourceTree = "<group>";
		};
		18CCA1E620905EA700300966 /* Products */ = {
			isa = PBXGroup;
			children = (
				18CCA1E520905EA700300966 /* YFToolsDemo.app */,
				18E353832093FB600067C967 /* YFToolsDemoTests.xctest */,
			);
			name = Products;
			sourceTree = "<group>";
		};
		18CCA1E720905EA700300966 /* YFToolsDemo */ = {
			isa = PBXGroup;
			children = (
				18EAC12F209C327100911274 /* NavigationModule */,
				18EAC079209961FA00911274 /* CoreDataTest */,
				18CCA1E820905EA700300966 /* AppDelegate.h */,
				18CCA1E920905EA700300966 /* AppDelegate.m */,
				18CCA1EB20905EA700300966 /* ViewController.h */,
				18CCA1EC20905EA700300966 /* ViewController.m */,
				18E3539E2094012D0067C967 /* YFPerson.h */,
				18E3539F2094012D0067C967 /* YFPerson.m */,
				18E353B420956CA80067C967 /* YFStudent.h */,
				18E353B520956CA80067C967 /* YFStudent.m */,
				18CCA1EE20905EA700300966 /* Main.storyboard */,
				18CCA1F120905EA800300966 /* Assets.xcassets */,
				18CCA1F320905EA800300966 /* LaunchScreen.storyboard */,
				18CCA1F620905EA800300966 /* Info.plist */,
				18CCA1F720905EA800300966 /* main.m */,
			);
			path = YFToolsDemo;
			sourceTree = "<group>";
		};
		18E352B4209303400067C967 /* YFCommonTools */ = {
			isa = PBXGroup;
			children = (
				18EAC120209C324000911274 /* FOXNavigationBar */,
				18E3532720930CE20067C967 /* Save */,
				18E353092093039F0067C967 /* Categories */,
				18E352EF2093039F0067C967 /* Map */,
				18E352F32093039F0067C967 /* SafeObject */,
				18E35315209303A00067C967 /* YFAppVersionUpdate.h */,
				18E353142093039F0067C967 /* YFAppVersionUpdate.m */,
				18E353052093039F0067C967 /* YFCommonTools.h */,
				18E353042093039F0067C967 /* YFDevice.h */,
				18E352EE2093039F0067C967 /* YFDevice.m */,
				18E353072093039F0067C967 /* YFGlobalMacro.h */,
				18E353032093039F0067C967 /* YFGlobalTool.h */,
				18E352F22093039F0067C967 /* YFGlobalTool.m */,
			);
			name = YFCommonTools;
			path = ../YFCommonTools;
			sourceTree = "<group>";
		};
		18E352EF2093039F0067C967 /* Map */ = {
			isa = PBXGroup;
			children = (
				18E352F02093039F0067C967 /* YFLocationConverter.m */,
				18E352F12093039F0067C967 /* YFLocationConverter.h */,
			);
			path = Map;
			sourceTree = "<group>";
		};
		18E352F32093039F0067C967 /* SafeObject */ = {
			isa = PBXGroup;
			children = (
				18E352F72093039F0067C967 /* SafeObject.h */,
				18E352F42093039F0067C967 /* NSMutableString+Safe.h */,
				18E352F52093039F0067C967 /* NSMutableArray+Safe.m */,
				18E352F62093039F0067C967 /* NSDictionary+Safe.h */,
				18E352F82093039F0067C967 /* NSMutableDictionary+Safe.m */,
				18E352F92093039F0067C967 /* NSObject+ImpChangeTool.h */,
				18E352FA2093039F0067C967 /* NSArray+Safe.h */,
				18E352FB2093039F0067C967 /* NSObject+Swizzling.h */,
				18E352FC2093039F0067C967 /* NSMutableArray+Safe.h */,
				18E352FD2093039F0067C967 /* NSMutableString+Safe.m */,
				18E352FE2093039F0067C967 /* NSMutableDictionary+Safe.h */,
				18E352FF2093039F0067C967 /* NSDictionary+Safe.m */,
				18E353002093039F0067C967 /* NSObject+Swizzling.m */,
				18E353012093039F0067C967 /* NSArray+Safe.m */,
				18E353022093039F0067C967 /* NSObject+ImpChangeTool.m */,
			);
			path = SafeObject;
			sourceTree = "<group>";
		};
		18E353092093039F0067C967 /* Categories */ = {
			isa = PBXGroup;
			children = (
				18E353112093039F0067C967 /* NSString+Extension_YF.h */,
				18E3530B2093039F0067C967 /* NSString+Extension_YF.m */,
				18E353102093039F0067C967 /* UIButton+Extension_YF.h */,
				18E3530C2093039F0067C967 /* UIButton+Extension_YF.m */,
				18E353122093039F0067C967 /* UITextField+Extension_YF.h */,
				18E3530E2093039F0067C967 /* UITextField+Extension_YF.m */,
				18E3530F2093039F0067C967 /* UIColor+Extension_YF.h */,
				18E3530A2093039F0067C967 /* UIColor+Extension_YF.m */,
				18E3530D2093039F0067C967 /* UIImage+Extension_YF.h */,
				18E353132093039F0067C967 /* UIImage+Extension_YF.m */,
				18E3537420931F6B0067C967 /* NSObject+Extension_YF.h */,
				18E3537520931F6B0067C967 /* NSObject+Extension_YF.m */,
			);
			path = Categories;
			sourceTree = "<group>";
		};
		18E3532720930CE20067C967 /* Save */ = {
			isa = PBXGroup;
			children = (
				18E353A7209404E10067C967 /* Archiver */,
				18E3532820930CE20067C967 /* YFSaveTool.h */,
				18E3532920930CE20067C967 /* YFSaveTool.m */,
				18E3532B20930D180067C967 /* YFArcherCoder.h */,
				18E3532C20930D180067C967 /* YFArcherCoder.m */,
				18E3532E20930D330067C967 /* YFArcherModel.h */,
				18E3532F20930D330067C967 /* YFArcherModel.m */,
			);
			path = Save;
			sourceTree = "<group>";
		};
		18E353842093FB600067C967 /* YFToolsDemoTests */ = {
			isa = PBXGroup;
			children = (
				18E353852093FB600067C967 /* YFToolsDemoTests.m */,
				18EAC00D20994EA800911274 /* CategoriesTest */,
				18EAC00520994EA800911274 /* SaveTest */,
				18E353872093FB600067C967 /* Info.plist */,
			);
			path = YFToolsDemoTests;
			sourceTree = "<group>";
		};
		18E353A7209404E10067C967 /* Archiver */ = {
			isa = PBXGroup;
			children = (
				18E353AA209404E10067C967 /* NSObject+Archiver.h */,
				18E353A8209404E10067C967 /* NSObject+Archiver.m */,
				18E353A9209404E10067C967 /* YFArchiverManager.h */,
				18E353AB209404E10067C967 /* YFArchiverManager.m */,
			);
			path = Archiver;
			sourceTree = "<group>";
		};
		18EAC00520994EA800911274 /* SaveTest */ = {
			isa = PBXGroup;
			children = (
				18EAC00620994EA800911274 /* YFPersonTest.h */,
				18EAC00720994EA800911274 /* YFFood.h */,
				18EAC00820994EA800911274 /* YFLocation.m */,
				18EAC00920994EA800911274 /* YFArchiverTests.m */,
				18EAC00A20994EA800911274 /* YFPersonTest.m */,
				18EAC00B20994EA800911274 /* YFFood.m */,
				18EAC00C20994EA800911274 /* YFLocation.h */,
			);
			path = SaveTest;
			sourceTree = "<group>";
		};
		18EAC00D20994EA800911274 /* CategoriesTest */ = {
			isa = PBXGroup;
			children = (
				18EAC01220994EC300911274 /* NSStringTest.m */,
			);
			path = CategoriesTest;
			sourceTree = "<group>";
		};
		18EAC079209961FA00911274 /* CoreDataTest */ = {
			isa = PBXGroup;
			children = (
				18EAC07A209962EE00911274 /* Model.xcdatamodeld */,
			);
			path = CoreDataTest;
			sourceTree = "<group>";
		};
		18EAC120209C324000911274 /* FOXNavigationBar */ = {
			isa = PBXGroup;
			children = (
				18EAC121209C324000911274 /* FOXNavigationViewController.h */,
				18EAC122209C324000911274 /* UIViewController+FOXNavigationBar.h */,
				18EAC123209C324000911274 /* FOXNavigationBar.h */,
				18EAC127209C324000911274 /* FOXNavigationViewController.m */,
				18EAC128209C324000911274 /* UIViewController+FOXNavigationBar.m */,
				18EAC129209C324000911274 /* FOXNavigationBar.m */,
				18EAC124209C324000911274 /* NavgationSource */,
			);
			path = FOXNavigationBar;
			sourceTree = "<group>";
		};
		18EAC124209C324000911274 /* NavgationSource */ = {
			isa = PBXGroup;
			children = (
				18EAC125209C324000911274 /* back_item@3x.png */,
				18EAC126209C324000911274 /* back_item@2x.png */,
			);
			path = NavgationSource;
			sourceTree = "<group>";
		};
		18EAC12F209C327100911274 /* NavigationModule */ = {
			isa = PBXGroup;
			children = (
				18EAC130209C327100911274 /* FOXFourthViewController.h */,
				18EAC131209C327100911274 /* FOXThirdViewController.m */,
				18EAC132209C327100911274 /* FOXMainViewController.h */,
				18EAC133209C327100911274 /* FOXFiveViewController.h */,
				18EAC134209C327100911274 /* FOXFistViewController.m */,
				18EAC135209C327100911274 /* FOXSecondViewController.h */,
				18EAC136209C327100911274 /* FOXMainViewController.m */,
				18EAC137209C327100911274 /* FOXThirdViewController.h */,
				18EAC138209C327100911274 /* FOXFourthViewController.m */,
				18EAC139209C327100911274 /* FOXFiveViewController.m */,
				18EAC13A209C327100911274 /* FOXFistViewController.h */,
				18EAC13B209C327100911274 /* FOXSecondViewController.m */,
			);
			path = NavigationModule;
			sourceTree = "<group>";
		};
/* End PBXGroup section */

/* Begin PBXNativeTarget section */
		18CCA1E420905EA700300966 /* YFToolsDemo */ = {
			isa = PBXNativeTarget;
			buildConfigurationList = 18CCA1FB20905EA800300966 /* Build configuration list for PBXNativeTarget "YFToolsDemo" */;
			buildPhases = (
				18CCA1E120905EA700300966 /* Sources */,
				18CCA1E220905EA700300966 /* Frameworks */,
				18CCA1E320905EA700300966 /* Resources */,
			);
			buildRules = (
			);
			dependencies = (
			);
			name = YFToolsDemo;
			productName = YFToolsDemo;
			productReference = 18CCA1E520905EA700300966 /* YFToolsDemo.app */;
			productType = "com.apple.product-type.application";
		};
		18E353822093FB600067C967 /* YFToolsDemoTests */ = {
			isa = PBXNativeTarget;
			buildConfigurationList = 18E3538A2093FB600067C967 /* Build configuration list for PBXNativeTarget "YFToolsDemoTests" */;
			buildPhases = (
				18E3537F2093FB600067C967 /* Sources */,
				18E353802093FB600067C967 /* Frameworks */,
				18E353812093FB600067C967 /* Resources */,
			);
			buildRules = (
			);
			dependencies = (
				18E353892093FB600067C967 /* PBXTargetDependency */,
			);
			name = YFToolsDemoTests;
			productName = YFToolsDemoTests;
			productReference = 18E353832093FB600067C967 /* YFToolsDemoTests.xctest */;
			productType = "com.apple.product-type.bundle.unit-test";
		};
/* End PBXNativeTarget section */

/* Begin PBXProject section */
		18CCA1DD20905EA700300966 /* Project object */ = {
			isa = PBXProject;
			attributes = {
				LastUpgradeCheck = 0930;
				ORGANIZATIONNAME = BigShow;
				TargetAttributes = {
					18CCA1E420905EA700300966 = {
						CreatedOnToolsVersion = 9.3;
						LastSwiftMigration = 0930;
					};
					18E353822093FB600067C967 = {
						CreatedOnToolsVersion = 9.3;
						TestTargetID = 18CCA1E420905EA700300966;
					};
				};
			};
			buildConfigurationList = 18CCA1E020905EA700300966 /* Build configuration list for PBXProject "YFToolsDemo" */;
			compatibilityVersion = "Xcode 9.3";
			developmentRegion = en;
			hasScannedForEncodings = 0;
			knownRegions = (
				en,
				Base,
			);
			mainGroup = 18CCA1DC20905EA700300966;
			productRefGroup = 18CCA1E620905EA700300966 /* Products */;
			projectDirPath = "";
			projectRoot = "";
			targets = (
				18CCA1E420905EA700300966 /* YFToolsDemo */,
				18E353822093FB600067C967 /* YFToolsDemoTests */,
			);
		};
/* End PBXProject section */

/* Begin PBXResourcesBuildPhase section */
		18CCA1E320905EA700300966 /* Resources */ = {
			isa = PBXResourcesBuildPhase;
			buildActionMask = 2147483647;
			files = (
				18CCA1F520905EA800300966 /* LaunchScreen.storyboard in Resources */,
				18EAC12A209C324000911274 /* back_item@3x.png in Resources */,
				18EAC12B209C324000911274 /* back_item@2x.png in Resources */,
				18CCA1F220905EA800300966 /* Assets.xcassets in Resources */,
				18CCA1F020905EA700300966 /* Main.storyboard in Resources */,
			);
			runOnlyForDeploymentPostprocessing = 0;
		};
		18E353812093FB600067C967 /* Resources */ = {
			isa = PBXResourcesBuildPhase;
			buildActionMask = 2147483647;
			files = (
			);
			runOnlyForDeploymentPostprocessing = 0;
		};
/* End PBXResourcesBuildPhase section */

/* Begin PBXSourcesBuildPhase section */
		18CCA1E120905EA700300966 /* Sources */ = {
			isa = PBXSourcesBuildPhase;
			buildActionMask = 2147483647;
			files = (
				18E35323209303A00067C967 /* UIButton+Extension_YF.m in Sources */,
				18E35322209303A00067C967 /* NSString+Extension_YF.m in Sources */,
				18EAC12E209C324000911274 /* FOXNavigationBar.m in Sources */,
				18EAC13D209C327100911274 /* FOXFistViewController.m in Sources */,
				18E353B620956CA80067C967 /* YFStudent.m in Sources */,
				18EAC13E209C327100911274 /* FOXMainViewController.m in Sources */,
				18EAC141209C327100911274 /* FOXSecondViewController.m in Sources */,
				18EAC07C209962EE00911274 /* Model.xcdatamodeld in Sources */,
				18E3531A209303A00067C967 /* NSMutableDictionary+Safe.m in Sources */,
				18E353AD209404E10067C967 /* YFArchiverManager.m in Sources */,
				18E35319209303A00067C967 /* NSMutableArray+Safe.m in Sources */,
				18E35316209303A00067C967 /* YFDevice.m in Sources */,
				18E353AC209404E10067C967 /* NSObject+Archiver.m in Sources */,
				18EAC13F209C327100911274 /* FOXFourthViewController.m in Sources */,
				18E3531C209303A00067C967 /* NSDictionary+Safe.m in Sources */,
				18E35325209303A00067C967 /* UIImage+Extension_YF.m in Sources */,
				18E35318209303A00067C967 /* YFGlobalTool.m in Sources */,
				18E3537620931F6B0067C967 /* NSObject+Extension_YF.m in Sources */,
				18E3531D209303A00067C967 /* NSObject+Swizzling.m in Sources */,
				18CCA1ED20905EA700300966 /* ViewController.m in Sources */,
				18E35321209303A00067C967 /* UIColor+Extension_YF.m in Sources */,
				18EAC12C209C324000911274 /* FOXNavigationViewController.m in Sources */,
				18E3531F209303A00067C967 /* NSObject+ImpChangeTool.m in Sources */,
				18E3531B209303A00067C967 /* NSMutableString+Safe.m in Sources */,
				18CCA1F820905EA800300966 /* main.m in Sources */,
				18EAC140209C327100911274 /* FOXFiveViewController.m in Sources */,
				18EAC12D209C324000911274 /* UIViewController+FOXNavigationBar.m in Sources */,
				18E353B02094056E0067C967 /* YFPerson.m in Sources */,
				18E35317209303A00067C967 /* YFLocationConverter.m in Sources */,
				18E3532A20930CE30067C967 /* YFSaveTool.m in Sources */,
				18E3532D20930D180067C967 /* YFArcherCoder.m in Sources */,
				18EAC13C209C327100911274 /* FOXThirdViewController.m in Sources */,
				18E3533020930D330067C967 /* YFArcherModel.m in Sources */,
				18E35326209303A00067C967 /* YFAppVersionUpdate.m in Sources */,
				18CCA1EA20905EA700300966 /* AppDelegate.m in Sources */,
				18E35324209303A00067C967 /* UITextField+Extension_YF.m in Sources */,
				18E3531E209303A00067C967 /* NSArray+Safe.m in Sources */,
			);
			runOnlyForDeploymentPostprocessing = 0;
		};
		18E3537F2093FB600067C967 /* Sources */ = {
			isa = PBXSourcesBuildPhase;
			buildActionMask = 2147483647;
			files = (
				18E353862093FB600067C967 /* YFToolsDemoTests.m in Sources */,
				18EAC01320994EC300911274 /* NSStringTest.m in Sources */,
				18EAC00F20994EA800911274 /* YFArchiverTests.m in Sources */,
				18EAC00E20994EA800911274 /* YFLocation.m in Sources */,
				18EAC01120994EA800911274 /* YFFood.m in Sources */,
				18EAC01020994EA800911274 /* YFPersonTest.m in Sources */,
			);
			runOnlyForDeploymentPostprocessing = 0;
		};
/* End PBXSourcesBuildPhase section */

/* Begin PBXTargetDependency section */
		18E353892093FB600067C967 /* PBXTargetDependency */ = {
			isa = PBXTargetDependency;
			target = 18CCA1E420905EA700300966 /* YFToolsDemo */;
			targetProxy = 18E353882093FB600067C967 /* PBXContainerItemProxy */;
		};
/* End PBXTargetDependency section */

/* Begin PBXVariantGroup section */
		18CCA1EE20905EA700300966 /* Main.storyboard */ = {
			isa = PBXVariantGroup;
			children = (
				18CCA1EF20905EA700300966 /* Base */,
			);
			name = Main.storyboard;
			sourceTree = "<group>";
		};
		18CCA1F320905EA800300966 /* LaunchScreen.storyboard */ = {
			isa = PBXVariantGroup;
			children = (
				18CCA1F420905EA800300966 /* Base */,
			);
			name = LaunchScreen.storyboard;
			sourceTree = "<group>";
		};
/* End PBXVariantGroup section */

/* Begin XCBuildConfiguration section */
		18CCA1F920905EA800300966 /* Debug */ = {
			isa = XCBuildConfiguration;
			buildSettings = {
				ALWAYS_SEARCH_USER_PATHS = NO;
				CLANG_ANALYZER_NONNULL = YES;
				CLANG_ANALYZER_NUMBER_OBJECT_CONVERSION = YES_AGGRESSIVE;
				CLANG_CXX_LANGUAGE_STANDARD = "gnu++14";
				CLANG_CXX_LIBRARY = "libc++";
				CLANG_ENABLE_MODULES = YES;
				CLANG_ENABLE_OBJC_ARC = YES;
				CLANG_ENABLE_OBJC_WEAK = YES;
				CLANG_WARN_BLOCK_CAPTURE_AUTORELEASING = YES;
				CLANG_WARN_BOOL_CONVERSION = YES;
				CLANG_WARN_COMMA = YES;
				CLANG_WARN_CONSTANT_CONVERSION = YES;
				CLANG_WARN_DEPRECATED_OBJC_IMPLEMENTATIONS = YES;
				CLANG_WARN_DIRECT_OBJC_ISA_USAGE = YES_ERROR;
				CLANG_WARN_DOCUMENTATION_COMMENTS = YES;
				CLANG_WARN_EMPTY_BODY = YES;
				CLANG_WARN_ENUM_CONVERSION = YES;
				CLANG_WARN_INFINITE_RECURSION = YES;
				CLANG_WARN_INT_CONVERSION = YES;
				CLANG_WARN_NON_LITERAL_NULL_CONVERSION = YES;
				CLANG_WARN_OBJC_IMPLICIT_RETAIN_SELF = YES;
				CLANG_WARN_OBJC_LITERAL_CONVERSION = YES;
				CLANG_WARN_OBJC_ROOT_CLASS = YES_ERROR;
				CLANG_WARN_RANGE_LOOP_ANALYSIS = YES;
				CLANG_WARN_STRICT_PROTOTYPES = YES;
				CLANG_WARN_SUSPICIOUS_MOVE = YES;
				CLANG_WARN_UNGUARDED_AVAILABILITY = YES_AGGRESSIVE;
				CLANG_WARN_UNREACHABLE_CODE = YES;
				CLANG_WARN__DUPLICATE_METHOD_MATCH = YES;
				CODE_SIGN_IDENTITY = "iPhone Developer";
				COPY_PHASE_STRIP = NO;
				DEBUG_INFORMATION_FORMAT = dwarf;
				ENABLE_STRICT_OBJC_MSGSEND = YES;
				ENABLE_TESTABILITY = YES;
				GCC_C_LANGUAGE_STANDARD = gnu11;
				GCC_DYNAMIC_NO_PIC = NO;
				GCC_NO_COMMON_BLOCKS = YES;
				GCC_OPTIMIZATION_LEVEL = 0;
				GCC_PREPROCESSOR_DEFINITIONS = (
					"DEBUG=1",
					"$(inherited)",
				);
				GCC_WARN_64_TO_32_BIT_CONVERSION = YES;
				GCC_WARN_ABOUT_RETURN_TYPE = YES_ERROR;
				GCC_WARN_UNDECLARED_SELECTOR = YES;
				GCC_WARN_UNINITIALIZED_AUTOS = YES_AGGRESSIVE;
				GCC_WARN_UNUSED_FUNCTION = YES;
				GCC_WARN_UNUSED_VARIABLE = YES;
				IPHONEOS_DEPLOYMENT_TARGET = 11.3;
				MTL_ENABLE_DEBUG_INFO = YES;
				ONLY_ACTIVE_ARCH = YES;
				SDKROOT = iphoneos;
			};
			name = Debug;
		};
		18CCA1FA20905EA800300966 /* Release */ = {
			isa = XCBuildConfiguration;
			buildSettings = {
				ALWAYS_SEARCH_USER_PATHS = NO;
				CLANG_ANALYZER_NONNULL = YES;
				CLANG_ANALYZER_NUMBER_OBJECT_CONVERSION = YES_AGGRESSIVE;
				CLANG_CXX_LANGUAGE_STANDARD = "gnu++14";
				CLANG_CXX_LIBRARY = "libc++";
				CLANG_ENABLE_MODULES = YES;
				CLANG_ENABLE_OBJC_ARC = YES;
				CLANG_ENABLE_OBJC_WEAK = YES;
				CLANG_WARN_BLOCK_CAPTURE_AUTORELEASING = YES;
				CLANG_WARN_BOOL_CONVERSION = YES;
				CLANG_WARN_COMMA = YES;
				CLANG_WARN_CONSTANT_CONVERSION = YES;
				CLANG_WARN_DEPRECATED_OBJC_IMPLEMENTATIONS = YES;
				CLANG_WARN_DIRECT_OBJC_ISA_USAGE = YES_ERROR;
				CLANG_WARN_DOCUMENTATION_COMMENTS = YES;
				CLANG_WARN_EMPTY_BODY = YES;
				CLANG_WARN_ENUM_CONVERSION = YES;
				CLANG_WARN_INFINITE_RECURSION = YES;
				CLANG_WARN_INT_CONVERSION = YES;
				CLANG_WARN_NON_LITERAL_NULL_CONVERSION = YES;
				CLANG_WARN_OBJC_IMPLICIT_RETAIN_SELF = YES;
				CLANG_WARN_OBJC_LITERAL_CONVERSION = YES;
				CLANG_WARN_OBJC_ROOT_CLASS = YES_ERROR;
				CLANG_WARN_RANGE_LOOP_ANALYSIS = YES;
				CLANG_WARN_STRICT_PROTOTYPES = YES;
				CLANG_WARN_SUSPICIOUS_MOVE = YES;
				CLANG_WARN_UNGUARDED_AVAILABILITY = YES_AGGRESSIVE;
				CLANG_WARN_UNREACHABLE_CODE = YES;
				CLANG_WARN__DUPLICATE_METHOD_MATCH = YES;
				CODE_SIGN_IDENTITY = "iPhone Developer";
				COPY_PHASE_STRIP = NO;
				DEBUG_INFORMATION_FORMAT = "dwarf-with-dsym";
				ENABLE_NS_ASSERTIONS = NO;
				ENABLE_STRICT_OBJC_MSGSEND = YES;
				GCC_C_LANGUAGE_STANDARD = gnu11;
				GCC_NO_COMMON_BLOCKS = YES;
				GCC_WARN_64_TO_32_BIT_CONVERSION = YES;
				GCC_WARN_ABOUT_RETURN_TYPE = YES_ERROR;
				GCC_WARN_UNDECLARED_SELECTOR = YES;
				GCC_WARN_UNINITIALIZED_AUTOS = YES_AGGRESSIVE;
				GCC_WARN_UNUSED_FUNCTION = YES;
				GCC_WARN_UNUSED_VARIABLE = YES;
				IPHONEOS_DEPLOYMENT_TARGET = 11.3;
				MTL_ENABLE_DEBUG_INFO = NO;
				SDKROOT = iphoneos;
				VALIDATE_PRODUCT = YES;
			};
			name = Release;
		};
		18CCA1FC20905EA800300966 /* Debug */ = {
			isa = XCBuildConfiguration;
			buildSettings = {
				ASSETCATALOG_COMPILER_APPICON_NAME = AppIcon;
				CLANG_ENABLE_MODULES = YES;
				CODE_SIGN_STYLE = Automatic;
				DEVELOPMENT_TEAM = 3JJP29A3NU;
				INFOPLIST_FILE = YFToolsDemo/Info.plist;
				IPHONEOS_DEPLOYMENT_TARGET = 9;
				LD_RUNPATH_SEARCH_PATHS = (
					"$(inherited)",
					"@executable_path/Frameworks",
				);
				PRODUCT_BUNDLE_IDENTIFIER = BigShow.YFToolsDemo;
				PRODUCT_NAME = "$(TARGET_NAME)";
				SWIFT_OBJC_BRIDGING_HEADER = "YFToolsDemo-Bridging-Header.h";
				SWIFT_OPTIMIZATION_LEVEL = "-Onone";
				SWIFT_VERSION = 3.0;
				TARGETED_DEVICE_FAMILY = "1,2";
			};
			name = Debug;
		};
		18CCA1FD20905EA800300966 /* Release */ = {
			isa = XCBuildConfiguration;
			buildSettings = {
				ASSETCATALOG_COMPILER_APPICON_NAME = AppIcon;
				CLANG_ENABLE_MODULES = YES;
				CODE_SIGN_STYLE = Automatic;
				DEVELOPMENT_TEAM = 3JJP29A3NU;
				INFOPLIST_FILE = YFToolsDemo/Info.plist;
				IPHONEOS_DEPLOYMENT_TARGET = 9;
				LD_RUNPATH_SEARCH_PATHS = (
					"$(inherited)",
					"@executable_path/Frameworks",
				);
				PRODUCT_BUNDLE_IDENTIFIER = BigShow.YFToolsDemo;
				PRODUCT_NAME = "$(TARGET_NAME)";
				SWIFT_OBJC_BRIDGING_HEADER = "YFToolsDemo-Bridging-Header.h";
				SWIFT_VERSION = 3.0;
				TARGETED_DEVICE_FAMILY = "1,2";
			};
			name = Release;
		};
		18E3538B2093FB600067C967 /* Debug */ = {
			isa = XCBuildConfiguration;
			buildSettings = {
				BUNDLE_LOADER = "$(TEST_HOST)";
				CODE_SIGN_STYLE = Automatic;
				DEVELOPMENT_TEAM = 3JJP29A3NU;
				INFOPLIST_FILE = YFToolsDemoTests/Info.plist;
				LD_RUNPATH_SEARCH_PATHS = (
					"$(inherited)",
					"@executable_path/Frameworks",
					"@loader_path/Frameworks",
				);
				PRODUCT_BUNDLE_IDENTIFIER = BigShow.YFToolsDemoTests;
				PRODUCT_NAME = "$(TARGET_NAME)";
				TARGETED_DEVICE_FAMILY = "1,2";
				TEST_HOST = "$(BUILT_PRODUCTS_DIR)/YFToolsDemo.app/YFToolsDemo";
			};
			name = Debug;
		};
		18E3538C2093FB600067C967 /* Release */ = {
			isa = XCBuildConfiguration;
			buildSettings = {
				BUNDLE_LOADER = "$(TEST_HOST)";
				CODE_SIGN_STYLE = Automatic;
				DEVELOPMENT_TEAM = 3JJP29A3NU;
				INFOPLIST_FILE = YFToolsDemoTests/Info.plist;
				LD_RUNPATH_SEARCH_PATHS = (
					"$(inherited)",
					"@executable_path/Frameworks",
					"@loader_path/Frameworks",
				);
				PRODUCT_BUNDLE_IDENTIFIER = BigShow.YFToolsDemoTests;
				PRODUCT_NAME = "$(TARGET_NAME)";
				TARGETED_DEVICE_FAMILY = "1,2";
				TEST_HOST = "$(BUILT_PRODUCTS_DIR)/YFToolsDemo.app/YFToolsDemo";
			};
			name = Release;
		};
/* End XCBuildConfiguration section */

/* Begin XCConfigurationList section */
		18CCA1E020905EA700300966 /* Build configuration list for PBXProject "YFToolsDemo" */ = {
			isa = XCConfigurationList;
			buildConfigurations = (
				18CCA1F920905EA800300966 /* Debug */,
				18CCA1FA20905EA800300966 /* Release */,
			);
			defaultConfigurationIsVisible = 0;
			defaultConfigurationName = Release;
		};
		18CCA1FB20905EA800300966 /* Build configuration list for PBXNativeTarget "YFToolsDemo" */ = {
			isa = XCConfigurationList;
			buildConfigurations = (
				18CCA1FC20905EA800300966 /* Debug */,
				18CCA1FD20905EA800300966 /* Release */,
			);
			defaultConfigurationIsVisible = 0;
			defaultConfigurationName = Release;
		};
		18E3538A2093FB600067C967 /* Build configuration list for PBXNativeTarget "YFToolsDemoTests" */ = {
			isa = XCConfigurationList;
			buildConfigurations = (
				18E3538B2093FB600067C967 /* Debug */,
				18E3538C2093FB600067C967 /* Release */,
			);
			defaultConfigurationIsVisible = 0;
			defaultConfigurationName = Release;
		};
/* End XCConfigurationList section */

/* Begin XCVersionGroup section */
		18EAC07A209962EE00911274 /* Model.xcdatamodeld */ = {
			isa = XCVersionGroup;
			children = (
				18EAC07B209962EE00911274 /* Model.xcdatamodel */,
			);
			currentVersion = 18EAC07B209962EE00911274 /* Model.xcdatamodel */;
			path = Model.xcdatamodeld;
			sourceTree = "<group>";
			versionGroupType = wrapper.xcdatamodel;
		};
/* End XCVersionGroup section */
	};
	rootObject = 18CCA1DD20905EA700300966 /* Project object */;
}
